{
  "name": "demo-ci-github-actions",
  "version": "1.0.0",
  "lockfileVersion": 3,
  "requires": true,
  "scripts": { 
"test": "node test/suma.test.js", 
"build": "echo \"Construyendo el proyecto...\"" 
}, 
  "packages": {
    "": {
      "name": "demo-ci-github-actions",
      "version": "1.0.0",
      "license": "ISC"
    }
  }
}
